# --------------------------------------------------------------------------
#
# MiSTer project
#
# WARNING WARNING WARNING:
# Do not add files to project in Quartus IDE! It will mess this file!
# Add the files manually to files.qip file.
#
# --------------------------------------------------------------------------

set_global_assignment -name TOP_LEVEL_ENTITY sys_top
set_global_assignment -name PARTITION_NETLIST_TYPE SOURCE -section_id Top
set_global_assignment -name PARTITION_FITTER_PRESERVATION_LEVEL PLACEMENT_AND_ROUTING -section_id Top
set_global_assignment -name PARTITION_COLOR 16764057 -section_id Top

set_global_assignment -name LAST_QUARTUS_VERSION "17.1.0 Lite Edition"

set_global_assignment -name GENERATE_RBF_FILE ON
set_global_assignment -name PROJECT_OUTPUT_DIRECTORY output_files
set_global_assignment -name NUM_PARALLEL_PROCESSORS ALL
set_global_assignment -name SAVE_DISK_SPACE OFF
set_global_assignment -name SMART_RECOMPILE ON
set_global_assignment -name MIN_CORE_JUNCTION_TEMP "-40"
set_global_assignment -name MAX_CORE_JUNCTION_TEMP 100
set_global_assignment -name POWER_PRESET_COOLING_SOLUTION "23 MM HEAT SINK WITH 200 LFPM AIRFLOW"
set_global_assignment -name POWER_BOARD_THERMAL_MODEL "NONE (CONSERVATIVE)"
set_global_assignment -name TIMEQUEST_MULTICORNER_ANALYSIS OFF
set_global_assignment -name OPTIMIZE_POWER_DURING_FITTING OFF
set_global_assignment -name FINAL_PLACEMENT_OPTIMIZATION ALWAYS
set_global_assignment -name FITTER_EFFORT "STANDARD FIT"
set_global_assignment -name OPTIMIZATION_MODE "HIGH PERFORMANCE EFFORT"
set_global_assignment -name ALLOW_POWER_UP_DONT_CARE ON
set_global_assignment -name QII_AUTO_PACKED_REGISTERS NORMAL
set_global_assignment -name ROUTER_LCELL_INSERTION_AND_LOGIC_DUPLICATION ON
set_global_assignment -name PHYSICAL_SYNTHESIS_COMBO_LOGIC ON
set_global_assignment -name PHYSICAL_SYNTHESIS_REGISTER_DUPLICATION ON
set_global_assignment -name PHYSICAL_SYNTHESIS_REGISTER_RETIMING ON
set_global_assignment -name OPTIMIZATION_TECHNIQUE SPEED
set_global_assignment -name MUX_RESTRUCTURE ON
set_global_assignment -name REMOVE_REDUNDANT_LOGIC_CELLS ON
set_global_assignment -name AUTO_DELAY_CHAINS_FOR_HIGH_FANOUT_INPUT_PINS ON
set_global_assignment -name PHYSICAL_SYNTHESIS_COMBO_LOGIC_FOR_AREA ON
set_global_assignment -name ADV_NETLIST_OPT_SYNTH_WYSIWYG_REMAP ON
set_global_assignment -name SYNTH_GATED_CLOCK_CONVERSION ON
set_global_assignment -name PRE_MAPPING_RESYNTHESIS ON
set_global_assignment -name ROUTER_CLOCKING_TOPOLOGY_ANALYSIS ON
set_global_assignment -name ECO_OPTIMIZE_TIMING ON
set_global_assignment -name PERIPHERY_TO_CORE_PLACEMENT_AND_ROUTING_OPTIMIZATION ON
set_global_assignment -name PHYSICAL_SYNTHESIS_ASYNCHRONOUS_SIGNAL_PIPELINING ON
set_global_assignment -name ALM_REGISTER_PACKING_EFFORT MEDIUM
set_global_assignment -name SEED 1

#set_global_assignment -name VERILOG_MACRO "MISTER_FB=1"

#enable it only if 8bit indexed mode is used in core
#set_global_assignment -name VERILOG_MACRO "MISTER_FB_PALETTE=1"

#do not enable DEBUG_NOHDMI in release!
set_global_assignment -name VERILOG_MACRO "MISTER_DEBUG_NOHDMI=1"
set_global_assignment -name VERILOG_MACRO "SYNTHESIS=1"

# THE BUS SHAPE (2026-08-14).  The rig integration (`system_large` + `nec_bus`)
# is a MULTIPLEXED-pin instrument by construction, so the fabric build carries
# the multiplexed AD view: AD / AD_OE / CE_HALF exist as ports and `v30u_biu`
# carries `t1_half2` and the `ad_oe_*` enables.  Without this macro those ports
# do not exist on `v30_core` at all and `system_large` wires DATA_I instead.
# Orthogonal to SYNTHESIS above: that one is fabric-vs-sim, this one is the bus.
# `hdl/rtl/ucore/v30_core.sv` (THE BUS SHAPE), `docs/notes/demux_bus_prereg_2026-08-14.md`.
# ⚠ It is a .qsf macro and NOT a `--verilog_macro` command-line flag: the flag
# form is per-invocation (that is `quartus_gate.py --retention`'s idiom, for an
# EXPERIMENT), and a define that is part of the configuration must be visible
# to every build path, `gen_ucore_qsf.py`'s derived revision included.
set_global_assignment -name VERILOG_MACRO "V30_MUXED_AD=1"

# disable bilinear filtering when downscaling
#set_global_assignment -name VERILOG_MACRO "MISTER_DOWNSCALE_NN=1"

# disable adaptive scanline filtering
#set_global_assignment -name VERILOG_MACRO "MISTER_DISABLE_ADAPTIVE=1"

#use only 1MB per frame for scaler to free ~21MB DDR3 RAM
#set_global_assignment -name VERILOG_MACRO "MISTER_SMALL_VBUF=1"

# Disable YC / Composite output to save some resources
set_global_assignment -name VERILOG_MACRO "MISTER_DISABLE_YC=1"

# Disable ALSA audio output to save some resources
set_global_assignment -name VERILOG_MACRO "MISTER_DISABLE_ALSA=1"

source sys/sys.tcl
# ucore U4: the ucore bitstream is a SEPARATE QUARTUS REVISION, not a switch
# here -- the .qsf is read by a restricted settings parser that has no `if`
# (measured: Error 125048 on every line of a Tcl conditional).  See
# hdl/nec_test_ucore.qsf, which is this file with one line changed, generated
# by `sw/gen_ucore_qsf.py` so the two cannot drift.  Revisions also give the
# two-bitstream A/B its own output directory, which is what U4 wants anyway.
source files.qip

# SIGNALTAP IS NOT IN RELEASE BITSTREAMS  (timing50 Phase 1 P-1, 2026-08-12).
# This file used to carry, unconditionally:
#     set_global_assignment -name ENABLE_SIGNALTAP ON
#     set_global_assignment -name USE_SIGNALTAP_FILE stp1.stp
#     set_global_assignment -name SIGNALTAP_FILE stp1.stp
# and `hdl/stp1.stp` HAS NEVER EXISTED IN THIS REPOSITORY -- `git log --all` on
# that path and on `*.stp` are both empty.  So the setting named an instance
# file that was never there.
#
# MEASURED, not argued (docs/notes/timing50_census_2026-08-12.md sec.3.4): a
# CONTROL build with these three lines removed produced Fmax 45.61, worst setup
# +8.892 and 12,282 ALMs -- IDENTICAL IN EVERY FIGURE to the build with them --
# and a **BYTE-IDENTICAL `.rbf`** (277e7de5f8fcfcde...).  The setting was
# contributing nothing to the bitstream, so removing it gives up NO debug
# capability: there was none to give up.
#
# ⚠ THE JTAG HUB IN THE CRITICAL PATH IS NOT THIS SETTING'S.  CONTROL's worst
# path is `sld_mod_ram_rom -> sld_jtag_hub|tdo`, and `sld_mod_ram_rom` is the
# In-System Memory Content Editor node instantiated by the three
# ENABLE_RUNTIME_MOD lpm_hints in `rtl/capture_buf.sv` and `rtl/test_mem.sv`.
# It survives this removal (measured), and `sw/dump_capture.tcl` still works.
#
# TO GET SIGNALTAP BACK for a board-debug build:  `sw/quartus_gate.py
# --signaltap`, which appends the three assignments to the revision .qsf for
# that build only and records it in the receipt.  It also needs an `stp1.stp`
# that does not exist yet.

set_instance_assignment -name PARTITION_HIERARCHY root_partition -to | -section_id Top